
Microsoft Visual Studio Solution File, Format Version 12.00
# Visual Studio Version 16
VisualStudioVersion = 16.0.29709.97
MinimumVisualStudioVersion = 10.0.40219.1
Project("{FAE04EC0-301F-11D3-BF4B-00C04F79EFBC}") = "PrintTerminalService", "PrintTerminalService\PrintTerminalService.csproj", "{90A07B78-7C3A-4A15-A53D-A4A7A752ADA9}"
EndProject
Global
	GlobalSection(SolutionConfigurationPlatforms) = preSolution
		Debug|Any CPU = Debug|Any CPU
		Release|Any CPU = Release|Any CPU
	EndGlobalSection
	GlobalSection(ProjectConfigurationPlatforms) = postSolution
		{90A07B78-7C3A-4A15-A53D-A4A7A752ADA9}.Debug|Any CPU.ActiveCfg = Debug|Any CPU
		{90A07B78-7C3A-4A15-A53D-A4A7A752ADA9}.Debug|Any CPU.Build.0 = Debug|Any CPU
		{90A07B78-7C3A-4A15-A53D-A4A7A752ADA9}.Release|Any CPU.ActiveCfg = Release|Any CPU
		{90A07B78-7C3A-4A15-A53D-A4A7A752ADA9}.Release|Any CPU.Build.0 = Release|Any CPU
	EndGlobalSection
	GlobalSection(SolutionProperties) = preSolution
		HideSolutionNode = FALSE
	EndGlobalSection
	GlobalSection(ExtensibilityGlobals) = postSolution
		SolutionGuid = {A7119B9D-4AB1-423F-87AD-328DD45A9692}
	EndGlobalSection
EndGlobal
